{
  "name": "split-grid",
  "version": "1.0.0",
  "lockfileVersion": 3,
  "requires": true,
  "packages": {
    "": {
      "name": "split-grid",
      "version": "1.0.0",
      "license": "ISC",
      "dependencies": {
        "split-grid": "^1.0.11"
      }
    },
    "node_modules/split-grid": {
      "version": "1.0.11",
      "resolved": "https://registry.npmjs.org/split-grid/-/split-grid-1.0.11.tgz",
      "integrity": "sha512-ELtFtxc3r5we5GZfe6Fi0BFFxIi2M6BY1YEntBscKRDD3zx4JVHqx2VnTRSQu1BixCYSTH3MTjKd4esI2R7EgQ==",
      "license": "MIT"
    }
  }
}
